
Microsoft Visual Studio Solution File, Format Version 12.00
# Visual Studio Version 17
VisualStudioVersion = 17.8.34408.163
MinimumVisualStudioVersion = 10.0.40219.1
Project("{FAE04EC0-301F-11D3-BF4B-00C04F79EFBC}") = "IISUtil", "IISUtil\IISUtil.csproj", "{965093A5-3FF0-4340-B7A2-204D2028F3B9}"
EndProject
Project("{FAE04EC0-301F-11D3-BF4B-00C04F79EFBC}") = "IISUtilCmd", "IISUtilCmd\IISUtilCmd.csproj", "{F5A924B7-B11A-47DB-9E8A-3973154C6641}"
EndProject
Project("{FAE04EC0-301F-11D3-BF4B-00C04F79EFBC}") = "IISConfigTool", "ext\IISConfigTool\IISConfigTool\IISConfigTool.csproj", "{29E83E2D-E3AD-4E20-849F-D20CC32DF583}"
EndProject
Global
	GlobalSection(SolutionConfigurationPlatforms) = preSolution
		Debug|Any CPU = Debug|Any CPU
		Debug|x86 = Debug|x86
		Release|Any CPU = Release|Any CPU
		Release|x86 = Release|x86
	EndGlobalSection
	GlobalSection(ProjectConfigurationPlatforms) = postSolution
		{965093A5-3FF0-4340-B7A2-204D2028F3B9}.Debug|Any CPU.ActiveCfg = Debug|Any CPU
		{965093A5-3FF0-4340-B7A2-204D2028F3B9}.Debug|Any CPU.Build.0 = Debug|Any CPU
		{965093A5-3FF0-4340-B7A2-204D2028F3B9}.Debug|x86.ActiveCfg = Debug|x86
		{965093A5-3FF0-4340-B7A2-204D2028F3B9}.Debug|x86.Build.0 = Debug|x86
		{965093A5-3FF0-4340-B7A2-204D2028F3B9}.Release|Any CPU.ActiveCfg = Release|x86
		{965093A5-3FF0-4340-B7A2-204D2028F3B9}.Release|x86.ActiveCfg = Release|x86
		{965093A5-3FF0-4340-B7A2-204D2028F3B9}.Release|x86.Build.0 = Release|x86
		{F5A924B7-B11A-47DB-9E8A-3973154C6641}.Debug|Any CPU.ActiveCfg = Debug|Any CPU
		{F5A924B7-B11A-47DB-9E8A-3973154C6641}.Debug|Any CPU.Build.0 = Debug|Any CPU
		{F5A924B7-B11A-47DB-9E8A-3973154C6641}.Debug|x86.ActiveCfg = Debug|Any CPU
		{F5A924B7-B11A-47DB-9E8A-3973154C6641}.Debug|x86.Build.0 = Debug|Any CPU
		{F5A924B7-B11A-47DB-9E8A-3973154C6641}.Release|Any CPU.ActiveCfg = Release|Any CPU
		{F5A924B7-B11A-47DB-9E8A-3973154C6641}.Release|Any CPU.Build.0 = Release|Any CPU
		{F5A924B7-B11A-47DB-9E8A-3973154C6641}.Release|x86.ActiveCfg = Release|Any CPU
		{F5A924B7-B11A-47DB-9E8A-3973154C6641}.Release|x86.Build.0 = Release|Any CPU
		{29E83E2D-E3AD-4E20-849F-D20CC32DF583}.Debug|Any CPU.ActiveCfg = Debug|Any CPU
		{29E83E2D-E3AD-4E20-849F-D20CC32DF583}.Debug|Any CPU.Build.0 = Debug|Any CPU
		{29E83E2D-E3AD-4E20-849F-D20CC32DF583}.Debug|x86.ActiveCfg = Debug|Any CPU
		{29E83E2D-E3AD-4E20-849F-D20CC32DF583}.Debug|x86.Build.0 = Debug|Any CPU
		{29E83E2D-E3AD-4E20-849F-D20CC32DF583}.Release|Any CPU.ActiveCfg = Release|Any CPU
		{29E83E2D-E3AD-4E20-849F-D20CC32DF583}.Release|Any CPU.Build.0 = Release|Any CPU
		{29E83E2D-E3AD-4E20-849F-D20CC32DF583}.Release|x86.ActiveCfg = Release|Any CPU
		{29E83E2D-E3AD-4E20-849F-D20CC32DF583}.Release|x86.Build.0 = Release|Any CPU
	EndGlobalSection
	GlobalSection(SolutionProperties) = preSolution
		HideSolutionNode = FALSE
	EndGlobalSection
	GlobalSection(ExtensibilityGlobals) = postSolution
		SolutionGuid = {88E28DAD-EC94-4603-98B6-77CEF238E6B0}
	EndGlobalSection
EndGlobal
